
Microsoft Visual Studio Solution File, Format Version 12.00
# Visual Studio 14
VisualStudioVersion = 14.0.25420.1
MinimumVisualStudioVersion = 10.0.40219.1
Project("{FAE04EC0-301F-11D3-BF4B-00C04F79EFBC}") = "CoolScreenService", "CoolScreenService\CoolScreenService.csproj", "{8146EDBA-CD34-4748-93E0-FA0F0CBE3D0C}"
EndProject
Project("{FAE04EC0-301F-11D3-BF4B-00C04F79EFBC}") = "CoolScreenServiceTests", "CoolScreenServiceTests\CoolScreenServiceTests.csproj", "{131E14AA-6B00-4780-B4D4-9ABA61F8576C}"
EndProject
Global
	GlobalSection(SolutionConfigurationPlatforms) = preSolution
		Debug|Any CPU = Debug|Any CPU
		Release|Any CPU = Release|Any CPU
	EndGlobalSection
	GlobalSection(ProjectConfigurationPlatforms) = postSolution
		{8146EDBA-CD34-4748-93E0-FA0F0CBE3D0C}.Debug|Any CPU.ActiveCfg = Debug|Any CPU
		{8146EDBA-CD34-4748-93E0-FA0F0CBE3D0C}.Debug|Any CPU.Build.0 = Debug|Any CPU
		{8146EDBA-CD34-4748-93E0-FA0F0CBE3D0C}.Release|Any CPU.ActiveCfg = Release|Any CPU
		{8146EDBA-CD34-4748-93E0-FA0F0CBE3D0C}.Release|Any CPU.Build.0 = Release|Any CPU
		{131E14AA-6B00-4780-B4D4-9ABA61F8576C}.Debug|Any CPU.ActiveCfg = Debug|Any CPU
		{131E14AA-6B00-4780-B4D4-9ABA61F8576C}.Debug|Any CPU.Build.0 = Debug|Any CPU
		{131E14AA-6B00-4780-B4D4-9ABA61F8576C}.Release|Any CPU.ActiveCfg = Release|Any CPU
		{131E14AA-6B00-4780-B4D4-9ABA61F8576C}.Release|Any CPU.Build.0 = Release|Any CPU
	EndGlobalSection
	GlobalSection(SolutionProperties) = preSolution
		HideSolutionNode = FALSE
	EndGlobalSection
EndGlobal
